
Microsoft Visual Studio Solution File, Format Version 12.00
# Visual Studio 15
VisualStudioVersion = 15.0.28010.2036
MinimumVisualStudioVersion = 10.0.40219.1
Project("{FAE04EC0-301F-11D3-BF4B-00C04F79EFBC}") = "OLC1_Interpreter_P2", "OLC1_Interpreter_P2\OLC1_Interpreter_P2.csproj", "{A365A052-88B7-4F5A-9AD7-0C9E2C0277EE}"
EndProject
Global
	GlobalSection(SolutionConfigurationPlatforms) = preSolution
		Debug|Any CPU = Debug|Any CPU
		Release|Any CPU = Release|Any CPU
	EndGlobalSection
	GlobalSection(ProjectConfigurationPlatforms) = postSolution
		{A365A052-88B7-4F5A-9AD7-0C9E2C0277EE}.Debug|Any CPU.ActiveCfg = Debug|Any CPU
		{A365A052-88B7-4F5A-9AD7-0C9E2C0277EE}.Debug|Any CPU.Build.0 = Debug|Any CPU
		{A365A052-88B7-4F5A-9AD7-0C9E2C0277EE}.Release|Any CPU.ActiveCfg = Release|Any CPU
		{A365A052-88B7-4F5A-9AD7-0C9E2C0277EE}.Release|Any CPU.Build.0 = Release|Any CPU
	EndGlobalSection
	GlobalSection(SolutionProperties) = preSolution
		HideSolutionNode = FALSE
	EndGlobalSection
	GlobalSection(ExtensibilityGlobals) = postSolution
		SolutionGuid = {E7571B20-5FE2-43CD-BA9B-D556598C48EF}
	EndGlobalSection
EndGlobal
